
Microsoft Visual Studio Solution File, Format Version 12.00
# Visual Studio Version 16
VisualStudioVersion = 16.0.30114.105
MinimumVisualStudioVersion = 10.0.40219.1
Project("{FAE04EC0-301F-11D3-BF4B-00C04F79EFBC}") = "VsaResults", "src\VsaResults.csproj", "{19633D81-11FE-4C55-AA8D-452D20EEEF98}"
EndProject
Project("{FAE04EC0-301F-11D3-BF4B-00C04F79EFBC}") = "Tests", "tests\Tests.csproj", "{0E84EC69-4E4C-4195-907D-06C96D0140A6}"
EndProject
Project("{2150E333-8FDC-42A3-9474-1A3956D46DE8}") = "src", "src", "{827E0CD3-B72D-47B6-A68D-7590B98EB39B}"
EndProject
Project("{FAE04EC0-301F-11D3-BF4B-00C04F79EFBC}") = "VsaResults.Features", "src\VsaResults.Features\VsaResults.Features.csproj", "{B3D9EA65-290F-492B-9608-D0FE369E06EE}"
EndProject
Project("{FAE04EC0-301F-11D3-BF4B-00C04F79EFBC}") = "VsaResults.AspNetCore", "src\VsaResults.AspNetCore\VsaResults.AspNetCore.csproj", "{57AA18C1-829A-4EC5-81A7-CD79BCBBCCAB}"
EndProject
Project("{FAE04EC0-301F-11D3-BF4B-00C04F79EFBC}") = "VsaResults.Messaging", "src\VsaResults.Messaging\VsaResults.Messaging.csproj", "{BB640244-B08D-482B-B0A1-5B3456EA7B05}"
EndProject
Project("{FAE04EC0-301F-11D3-BF4B-00C04F79EFBC}") = "VsaResults.Messaging.RabbitMq", "src\VsaResults.Messaging.RabbitMq\VsaResults.Messaging.RabbitMq.csproj", "{D9294B93-8686-47C3-BC33-64F3D4832D83}"
EndProject
Global
	GlobalSection(SolutionConfigurationPlatforms) = preSolution
		Debug|Any CPU = Debug|Any CPU
		Debug|x64 = Debug|x64
		Debug|x86 = Debug|x86
		Release|Any CPU = Release|Any CPU
		Release|x64 = Release|x64
		Release|x86 = Release|x86
	EndGlobalSection
	GlobalSection(ProjectConfigurationPlatforms) = postSolution
		{19633D81-11FE-4C55-AA8D-452D20EEEF98}.Debug|Any CPU.ActiveCfg = Debug|Any CPU
		{19633D81-11FE-4C55-AA8D-452D20EEEF98}.Debug|Any CPU.Build.0 = Debug|Any CPU
		{19633D81-11FE-4C55-AA8D-452D20EEEF98}.Debug|x64.ActiveCfg = Debug|Any CPU
		{19633D81-11FE-4C55-AA8D-452D20EEEF98}.Debug|x64.Build.0 = Debug|Any CPU
		{19633D81-11FE-4C55-AA8D-452D20EEEF98}.Debug|x86.ActiveCfg = Debug|Any CPU
		{19633D81-11FE-4C55-AA8D-452D20EEEF98}.Debug|x86.Build.0 = Debug|Any CPU
		{19633D81-11FE-4C55-AA8D-452D20EEEF98}.Release|Any CPU.ActiveCfg = Release|Any CPU
		{19633D81-11FE-4C55-AA8D-452D20EEEF98}.Release|Any CPU.Build.0 = Release|Any CPU
		{19633D81-11FE-4C55-AA8D-452D20EEEF98}.Release|x64.ActiveCfg = Release|Any CPU
		{19633D81-11FE-4C55-AA8D-452D20EEEF98}.Release|x64.Build.0 = Release|Any CPU
		{19633D81-11FE-4C55-AA8D-452D20EEEF98}.Release|x86.ActiveCfg = Release|Any CPU
		{19633D81-11FE-4C55-AA8D-452D20EEEF98}.Release|x86.Build.0 = Release|Any CPU
		{0E84EC69-4E4C-4195-907D-06C96D0140A6}.Debug|Any CPU.ActiveCfg = Debug|Any CPU
		{0E84EC69-4E4C-4195-907D-06C96D0140A6}.Debug|Any CPU.Build.0 = Debug|Any CPU
		{0E84EC69-4E4C-4195-907D-06C96D0140A6}.Debug|x64.ActiveCfg = Debug|Any CPU
		{0E84EC69-4E4C-4195-907D-06C96D0140A6}.Debug|x64.Build.0 = Debug|Any CPU
		{0E84EC69-4E4C-4195-907D-06C96D0140A6}.Debug|x86.ActiveCfg = Debug|Any CPU
		{0E84EC69-4E4C-4195-907D-06C96D0140A6}.Debug|x86.Build.0 = Debug|Any CPU
		{0E84EC69-4E4C-4195-907D-06C96D0140A6}.Release|Any CPU.ActiveCfg = Release|Any CPU
		{0E84EC69-4E4C-4195-907D-06C96D0140A6}.Release|Any CPU.Build.0 = Release|Any CPU
		{0E84EC69-4E4C-4195-907D-06C96D0140A6}.Release|x64.ActiveCfg = Release|Any CPU
		{0E84EC69-4E4C-4195-907D-06C96D0140A6}.Release|x64.Build.0 = Release|Any CPU
		{0E84EC69-4E4C-4195-907D-06C96D0140A6}.Release|x86.ActiveCfg = Release|Any CPU
		{0E84EC69-4E4C-4195-907D-06C96D0140A6}.Release|x86.Build.0 = Release|Any CPU
		{B3D9EA65-290F-492B-9608-D0FE369E06EE}.Debug|Any CPU.ActiveCfg = Debug|Any CPU
		{B3D9EA65-290F-492B-9608-D0FE369E06EE}.Debug|Any CPU.Build.0 = Debug|Any CPU
		{B3D9EA65-290F-492B-9608-D0FE369E06EE}.Debug|x64.ActiveCfg = Debug|Any CPU
		{B3D9EA65-290F-492B-9608-D0FE369E06EE}.Debug|x64.Build.0 = Debug|Any CPU
		{B3D9EA65-290F-492B-9608-D0FE369E06EE}.Debug|x86.ActiveCfg = Debug|Any CPU
		{B3D9EA65-290F-492B-9608-D0FE369E06EE}.Debug|x86.Build.0 = Debug|Any CPU
		{B3D9EA65-290F-492B-9608-D0FE369E06EE}.Release|Any CPU.ActiveCfg = Release|Any CPU
		{B3D9EA65-290F-492B-9608-D0FE369E06EE}.Release|Any CPU.Build.0 = Release|Any CPU
		{B3D9EA65-290F-492B-9608-D0FE369E06EE}.Release|x64.ActiveCfg = Release|Any CPU
		{B3D9EA65-290F-492B-9608-D0FE369E06EE}.Release|x64.Build.0 = Release|Any CPU
		{B3D9EA65-290F-492B-9608-D0FE369E06EE}.Release|x86.ActiveCfg = Release|Any CPU
		{B3D9EA65-290F-492B-9608-D0FE369E06EE}.Release|x86.Build.0 = Release|Any CPU
		{57AA18C1-829A-4EC5-81A7-CD79BCBBCCAB}.Debug|Any CPU.ActiveCfg = Debug|Any CPU
		{57AA18C1-829A-4EC5-81A7-CD79BCBBCCAB}.Debug|Any CPU.Build.0 = Debug|Any CPU
		{57AA18C1-829A-4EC5-81A7-CD79BCBBCCAB}.Debug|x64.ActiveCfg = Debug|Any CPU
		{57AA18C1-829A-4EC5-81A7-CD79BCBBCCAB}.Debug|x64.Build.0 = Debug|Any CPU
		{57AA18C1-829A-4EC5-81A7-CD79BCBBCCAB}.Debug|x86.ActiveCfg = Debug|Any CPU
		{57AA18C1-829A-4EC5-81A7-CD79BCBBCCAB}.Debug|x86.Build.0 = Debug|Any CPU
		{57AA18C1-829A-4EC5-81A7-CD79BCBBCCAB}.Release|Any CPU.ActiveCfg = Release|Any CPU
		{57AA18C1-829A-4EC5-81A7-CD79BCBBCCAB}.Release|Any CPU.Build.0 = Release|Any CPU
		{57AA18C1-829A-4EC5-81A7-CD79BCBBCCAB}.Release|x64.ActiveCfg = Release|Any CPU
		{57AA18C1-829A-4EC5-81A7-CD79BCBBCCAB}.Release|x64.Build.0 = Release|Any CPU
		{57AA18C1-829A-4EC5-81A7-CD79BCBBCCAB}.Release|x86.ActiveCfg = Release|Any CPU
		{57AA18C1-829A-4EC5-81A7-CD79BCBBCCAB}.Release|x86.Build.0 = Release|Any CPU
		{BB640244-B08D-482B-B0A1-5B3456EA7B05}.Debug|Any CPU.ActiveCfg = Debug|Any CPU
		{BB640244-B08D-482B-B0A1-5B3456EA7B05}.Debug|Any CPU.Build.0 = Debug|Any CPU
		{BB640244-B08D-482B-B0A1-5B3456EA7B05}.Debug|x64.ActiveCfg = Debug|Any CPU
		{BB640244-B08D-482B-B0A1-5B3456EA7B05}.Debug|x64.Build.0 = Debug|Any CPU
		{BB640244-B08D-482B-B0A1-5B3456EA7B05}.Debug|x86.ActiveCfg = Debug|Any CPU
		{BB640244-B08D-482B-B0A1-5B3456EA7B05}.Debug|x86.Build.0 = Debug|Any CPU
		{BB640244-B08D-482B-B0A1-5B3456EA7B05}.Release|Any CPU.ActiveCfg = Release|Any CPU
		{BB640244-B08D-482B-B0A1-5B3456EA7B05}.Release|Any CPU.Build.0 = Release|Any CPU
		{BB640244-B08D-482B-B0A1-5B3456EA7B05}.Release|x64.ActiveCfg = Release|Any CPU
		{BB640244-B08D-482B-B0A1-5B3456EA7B05}.Release|x64.Build.0 = Release|Any CPU
		{BB640244-B08D-482B-B0A1-5B3456EA7B05}.Release|x86.ActiveCfg = Release|Any CPU
		{BB640244-B08D-482B-B0A1-5B3456EA7B05}.Release|x86.Build.0 = Release|Any CPU
		{D9294B93-8686-47C3-BC33-64F3D4832D83}.Debug|Any CPU.ActiveCfg = Debug|Any CPU
		{D9294B93-8686-47C3-BC33-64F3D4832D83}.Debug|Any CPU.Build.0 = Debug|Any CPU
		{D9294B93-8686-47C3-BC33-64F3D4832D83}.Debug|x64.ActiveCfg = Debug|Any CPU
		{D9294B93-8686-47C3-BC33-64F3D4832D83}.Debug|x64.Build.0 = Debug|Any CPU
		{D9294B93-8686-47C3-BC33-64F3D4832D83}.Debug|x86.ActiveCfg = Debug|Any CPU
		{D9294B93-8686-47C3-BC33-64F3D4832D83}.Debug|x86.Build.0 = Debug|Any CPU
		{D9294B93-8686-47C3-BC33-64F3D4832D83}.Release|Any CPU.ActiveCfg = Release|Any CPU
		{D9294B93-8686-47C3-BC33-64F3D4832D83}.Release|Any CPU.Build.0 = Release|Any CPU
		{D9294B93-8686-47C3-BC33-64F3D4832D83}.Release|x64.ActiveCfg = Release|Any CPU
		{D9294B93-8686-47C3-BC33-64F3D4832D83}.Release|x64.Build.0 = Release|Any CPU
		{D9294B93-8686-47C3-BC33-64F3D4832D83}.Release|x86.ActiveCfg = Release|Any CPU
		{D9294B93-8686-47C3-BC33-64F3D4832D83}.Release|x86.Build.0 = Release|Any CPU
	EndGlobalSection
	GlobalSection(SolutionProperties) = preSolution
		HideSolutionNode = FALSE
	EndGlobalSection
	GlobalSection(NestedProjects) = preSolution
		{B3D9EA65-290F-492B-9608-D0FE369E06EE} = {827E0CD3-B72D-47B6-A68D-7590B98EB39B}
		{57AA18C1-829A-4EC5-81A7-CD79BCBBCCAB} = {827E0CD3-B72D-47B6-A68D-7590B98EB39B}
		{BB640244-B08D-482B-B0A1-5B3456EA7B05} = {827E0CD3-B72D-47B6-A68D-7590B98EB39B}
		{D9294B93-8686-47C3-BC33-64F3D4832D83} = {827E0CD3-B72D-47B6-A68D-7590B98EB39B}
	EndGlobalSection
EndGlobal
